PODS:
  - TinderSwipeView (1.1.8)

DEPENDENCIES:
  - TinderSwipeView (from `/Users/saish98/Documents/GitHub/TinderSwipeView-Saish`)

EXTERNAL SOURCES:
  TinderSwipeView:
    :commit: f2dfb09721f7f18ed982a08bd519e02e51fb17ca
    :path: "/Users/saish98/Documents/GitHub/TinderSwipeView-Saish"

SPEC CHECKSUMS:
  TinderSwipeView: 13e7de167edb6b9883b398878a0e36e3633e01a0

PODFILE CHECKSUM: c94da5229a433d05a3d385eea8864b4ff9241927

COCOAPODS: 1.7.5
