PODS:
  - TinderSwipeView (1.1.8)

DEPENDENCIES:
  - TinderSwipeView (from `/Users/saish98/Documents/GitHub/TinderSwipeView-Saish`)

EXTERNAL SOURCES:
  TinderSwipeView:
    :path: "/Users/saish98/Documents/GitHub/TinderSwipeView-Saish"

SPEC CHECKSUMS:
  TinderSwipeView: 13e7de167edb6b9883b398878a0e36e3633e01a0

PODFILE CHECKSUM: fdaaefa236cb44fbec8541adc6b0909804c30955

COCOAPODS: 1.7.5
